
Microsoft Visual Studio Solution File, Format Version 12.00
# Visual Studio Version 16
VisualStudioVersion = 16.0.31829.152
MinimumVisualStudioVersion = 10.0.40219.1
Project("{9A19103F-16F7-4668-BE54-9A1E7A4F7556}") = "CalculadoraPRO", "CalculadoraPRO\CalculadoraPRO.csproj", "{5909BC36-0B7D-4B46-88C1-6E4EC57A2290}"
EndProject
Project("{2150E333-8FDC-42A3-9474-1A3956D46DE8}") = "0-Portal", "0-Portal", "{E4A16504-F3CD-4660-A233-D9FA68C2839C}"
EndProject
Project("{2150E333-8FDC-42A3-9474-1A3956D46DE8}") = "1-Domain", "1-Domain", "{9B4CBFFD-F40F-4DAD-90D8-3646DE07A2EC}"
EndProject
Project("{2150E333-8FDC-42A3-9474-1A3956D46DE8}") = "2-Data", "2-Data", "{861F9A2B-71D4-4BB2-AE64-66A1C95F1BC4}"
EndProject
Project("{2150E333-8FDC-42A3-9474-1A3956D46DE8}") = "3-Utils", "3-Utils", "{DB774940-5793-4B82-A59B-CA7D0ED1DB42}"
EndProject
Project("{2150E333-8FDC-42A3-9474-1A3956D46DE8}") = "4-Migration", "4-Migration", "{45CB116B-4F14-4608-9202-2B6757680A04}"
EndProject
Project("{FAE04EC0-301F-11D3-BF4B-00C04F79EFBC}") = "CalculadoraPRO.Domain", "CalculadoraPRO.Domain\CalculadoraPRO.Domain.csproj", "{2E1F7D6B-F58D-4A4C-8E83-1C22856BFA2E}"
EndProject
Project("{FAE04EC0-301F-11D3-BF4B-00C04F79EFBC}") = "CalculadoraPRO.Data", "CalculadoraPRO.Data\CalculadoraPRO.Data.csproj", "{04C58F4D-0FA7-4290-8A93-16D549B30E2E}"
EndProject
Project("{FAE04EC0-301F-11D3-BF4B-00C04F79EFBC}") = "CalculadoraPRO.Common", "CalculadoraPRO.Common\CalculadoraPRO.Common.csproj", "{B9D3EE2A-CCDC-48ED-8691-31225261E08A}"
EndProject
Project("{FAE04EC0-301F-11D3-BF4B-00C04F79EFBC}") = "CalculadoraPRO.CrossCutting", "CalculadoraPRO.CrossCutting\CalculadoraPRO.CrossCutting.csproj", "{20F94F53-5B55-4231-B57D-43CB8AA165B8}"
EndProject
Project("{FAE04EC0-301F-11D3-BF4B-00C04F79EFBC}") = "CrossCutting.Migration", "CrossCutting.Migration\CrossCutting.Migration.csproj", "{70C31B9E-C812-48CF-A32B-7672B46E37FB}"
EndProject
Global
	GlobalSection(SolutionConfigurationPlatforms) = preSolution
		Debug|Any CPU = Debug|Any CPU
		Release|Any CPU = Release|Any CPU
	EndGlobalSection
	GlobalSection(ProjectConfigurationPlatforms) = postSolution
		{5909BC36-0B7D-4B46-88C1-6E4EC57A2290}.Debug|Any CPU.ActiveCfg = Debug|Any CPU
		{5909BC36-0B7D-4B46-88C1-6E4EC57A2290}.Debug|Any CPU.Build.0 = Debug|Any CPU
		{5909BC36-0B7D-4B46-88C1-6E4EC57A2290}.Release|Any CPU.ActiveCfg = Release|Any CPU
		{5909BC36-0B7D-4B46-88C1-6E4EC57A2290}.Release|Any CPU.Build.0 = Release|Any CPU
		{2E1F7D6B-F58D-4A4C-8E83-1C22856BFA2E}.Debug|Any CPU.ActiveCfg = Debug|Any CPU
		{2E1F7D6B-F58D-4A4C-8E83-1C22856BFA2E}.Debug|Any CPU.Build.0 = Debug|Any CPU
		{2E1F7D6B-F58D-4A4C-8E83-1C22856BFA2E}.Release|Any CPU.ActiveCfg = Release|Any CPU
		{2E1F7D6B-F58D-4A4C-8E83-1C22856BFA2E}.Release|Any CPU.Build.0 = Release|Any CPU
		{04C58F4D-0FA7-4290-8A93-16D549B30E2E}.Debug|Any CPU.ActiveCfg = Debug|Any CPU
		{04C58F4D-0FA7-4290-8A93-16D549B30E2E}.Debug|Any CPU.Build.0 = Debug|Any CPU
		{04C58F4D-0FA7-4290-8A93-16D549B30E2E}.Release|Any CPU.ActiveCfg = Release|Any CPU
		{04C58F4D-0FA7-4290-8A93-16D549B30E2E}.Release|Any CPU.Build.0 = Release|Any CPU
		{B9D3EE2A-CCDC-48ED-8691-31225261E08A}.Debug|Any CPU.ActiveCfg = Debug|Any CPU
		{B9D3EE2A-CCDC-48ED-8691-31225261E08A}.Debug|Any CPU.Build.0 = Debug|Any CPU
		{B9D3EE2A-CCDC-48ED-8691-31225261E08A}.Release|Any CPU.ActiveCfg = Release|Any CPU
		{B9D3EE2A-CCDC-48ED-8691-31225261E08A}.Release|Any CPU.Build.0 = Release|Any CPU
		{20F94F53-5B55-4231-B57D-43CB8AA165B8}.Debug|Any CPU.ActiveCfg = Debug|Any CPU
		{20F94F53-5B55-4231-B57D-43CB8AA165B8}.Debug|Any CPU.Build.0 = Debug|Any CPU
		{20F94F53-5B55-4231-B57D-43CB8AA165B8}.Release|Any CPU.ActiveCfg = Release|Any CPU
		{20F94F53-5B55-4231-B57D-43CB8AA165B8}.Release|Any CPU.Build.0 = Release|Any CPU
		{70C31B9E-C812-48CF-A32B-7672B46E37FB}.Debug|Any CPU.ActiveCfg = Debug|Any CPU
		{70C31B9E-C812-48CF-A32B-7672B46E37FB}.Debug|Any CPU.Build.0 = Debug|Any CPU
		{70C31B9E-C812-48CF-A32B-7672B46E37FB}.Release|Any CPU.ActiveCfg = Release|Any CPU
		{70C31B9E-C812-48CF-A32B-7672B46E37FB}.Release|Any CPU.Build.0 = Release|Any CPU
	EndGlobalSection
	GlobalSection(SolutionProperties) = preSolution
		HideSolutionNode = FALSE
	EndGlobalSection
	GlobalSection(NestedProjects) = preSolution
		{5909BC36-0B7D-4B46-88C1-6E4EC57A2290} = {E4A16504-F3CD-4660-A233-D9FA68C2839C}
		{2E1F7D6B-F58D-4A4C-8E83-1C22856BFA2E} = {9B4CBFFD-F40F-4DAD-90D8-3646DE07A2EC}
		{04C58F4D-0FA7-4290-8A93-16D549B30E2E} = {861F9A2B-71D4-4BB2-AE64-66A1C95F1BC4}
		{B9D3EE2A-CCDC-48ED-8691-31225261E08A} = {DB774940-5793-4B82-A59B-CA7D0ED1DB42}
		{20F94F53-5B55-4231-B57D-43CB8AA165B8} = {DB774940-5793-4B82-A59B-CA7D0ED1DB42}
		{70C31B9E-C812-48CF-A32B-7672B46E37FB} = {45CB116B-4F14-4608-9202-2B6757680A04}
	EndGlobalSection
	GlobalSection(ExtensibilityGlobals) = postSolution
		SolutionGuid = {B4A68FB1-622F-4C5C-8659-EC441D137D21}
	EndGlobalSection
EndGlobal
